{
    "name": "nativescript-twilio-video",
    "version": "1.0.7",
    "lockfileVersion": 1,
    "requires": true,
    "dependencies": {
        "tns-platform-declarations": {
            "version": "3.4.1",
            "resolved": "https://registry.npmjs.org/tns-platform-declarations/-/tns-platform-declarations-3.4.1.tgz",
            "integrity": "sha512-GCvUvmtZ2Nne9GIppYF5xzUQzYP+KF43R+ce9kFMT1erDP0I6thLrRkLEo8JgAYD7ukMqXAb80MlYMv/VDGSCw==",
            "dev": true
        }
    }
}
